
Microsoft Visual Studio Solution File, Format Version 12.00
# Visual Studio Version 17
VisualStudioVersion = 17.1.32228.430
MinimumVisualStudioVersion = 10.0.40219.1
Project("{8BC9CEB8-8B4A-11D0-8D11-00A0C91BC942}") = "ConsoleApplication1", "ConsoleApplication1\ConsoleApplication1.vcxproj", "{C18519A3-1106-4EB6-96D5-4662BA813844}"
EndProject
Project("{8BC9CEB8-8B4A-11D0-8D11-00A0C91BC942}") = "BetGameTest", "BetGameTest\BetGameTest.vcxproj", "{D634329B-16D3-4E30-AB5D-5F64F3A7B3CD}"
EndProject
Global
	GlobalSection(SolutionConfigurationPlatforms) = preSolution
		Debug|x64 = Debug|x64
		Debug|x86 = Debug|x86
		Release|x64 = Release|x64
		Release|x86 = Release|x86
	EndGlobalSection
	GlobalSection(ProjectConfigurationPlatforms) = postSolution
		{C18519A3-1106-4EB6-96D5-4662BA813844}.Debug|x64.ActiveCfg = Debug|x64
		{C18519A3-1106-4EB6-96D5-4662BA813844}.Debug|x64.Build.0 = Debug|x64
		{C18519A3-1106-4EB6-96D5-4662BA813844}.Debug|x86.ActiveCfg = Debug|Win32
		{C18519A3-1106-4EB6-96D5-4662BA813844}.Debug|x86.Build.0 = Debug|Win32
		{C18519A3-1106-4EB6-96D5-4662BA813844}.Release|x64.ActiveCfg = Release|x64
		{C18519A3-1106-4EB6-96D5-4662BA813844}.Release|x64.Build.0 = Release|x64
		{C18519A3-1106-4EB6-96D5-4662BA813844}.Release|x86.ActiveCfg = Release|Win32
		{C18519A3-1106-4EB6-96D5-4662BA813844}.Release|x86.Build.0 = Release|Win32
		{D634329B-16D3-4E30-AB5D-5F64F3A7B3CD}.Debug|x64.ActiveCfg = Debug|x64
		{D634329B-16D3-4E30-AB5D-5F64F3A7B3CD}.Debug|x64.Build.0 = Debug|x64
		{D634329B-16D3-4E30-AB5D-5F64F3A7B3CD}.Debug|x86.ActiveCfg = Debug|Win32
		{D634329B-16D3-4E30-AB5D-5F64F3A7B3CD}.Debug|x86.Build.0 = Debug|Win32
		{D634329B-16D3-4E30-AB5D-5F64F3A7B3CD}.Release|x64.ActiveCfg = Release|x64
		{D634329B-16D3-4E30-AB5D-5F64F3A7B3CD}.Release|x64.Build.0 = Release|x64
		{D634329B-16D3-4E30-AB5D-5F64F3A7B3CD}.Release|x86.ActiveCfg = Release|Win32
		{D634329B-16D3-4E30-AB5D-5F64F3A7B3CD}.Release|x86.Build.0 = Release|Win32
	EndGlobalSection
	GlobalSection(SolutionProperties) = preSolution
		HideSolutionNode = FALSE
	EndGlobalSection
	GlobalSection(ExtensibilityGlobals) = postSolution
		SolutionGuid = {3A1146FE-A0DC-4F19-A7DA-C92F75E90850}
	EndGlobalSection
EndGlobal
